
Microsoft Visual Studio Solution File, Format Version 12.00
# Visual Studio Version 17
VisualStudioVersion = 17.1.32210.238
MinimumVisualStudioVersion = 10.0.40219.1
Project("{9A19103F-16F7-4668-BE54-9A1E7A4F7556}") = "ImageResize.CLI", "src\ImageResize.CLI\ImageResize.CLI.csproj", "{6CDEF3F5-547E-42FC-9797-C777C61ED684}"
EndProject
Project("{9A19103F-16F7-4668-BE54-9A1E7A4F7556}") = "ImageResize.Service", "src\ImageResize.Service\ImageResize.Service.csproj", "{B056D3A0-2585-4319-9B32-24DE1FE6586A}"
EndProject
Project("{9A19103F-16F7-4668-BE54-9A1E7A4F7556}") = "ImageResize.Service.Test", "src\ImageResize.Service.Test\ImageResize.Service.Test.csproj", "{01891BD3-9CE6-4C41-B6CA-E9F012F2DA94}"
EndProject
Project("{FAE04EC0-301F-11D3-BF4B-00C04F79EFBC}") = "ImageResize.WinFormsApp", "src\ImageResize.WinFormsApp\ImageResize.WinFormsApp.csproj", "{4A49F879-4647-4E36-9E3E-31312D06ABE6}"
EndProject
Global
	GlobalSection(SolutionConfigurationPlatforms) = preSolution
		Debug|Any CPU = Debug|Any CPU
		Release|Any CPU = Release|Any CPU
	EndGlobalSection
	GlobalSection(ProjectConfigurationPlatforms) = postSolution
		{6CDEF3F5-547E-42FC-9797-C777C61ED684}.Debug|Any CPU.ActiveCfg = Debug|Any CPU
		{6CDEF3F5-547E-42FC-9797-C777C61ED684}.Debug|Any CPU.Build.0 = Debug|Any CPU
		{6CDEF3F5-547E-42FC-9797-C777C61ED684}.Release|Any CPU.ActiveCfg = Release|Any CPU
		{6CDEF3F5-547E-42FC-9797-C777C61ED684}.Release|Any CPU.Build.0 = Release|Any CPU
		{B056D3A0-2585-4319-9B32-24DE1FE6586A}.Debug|Any CPU.ActiveCfg = Debug|Any CPU
		{B056D3A0-2585-4319-9B32-24DE1FE6586A}.Debug|Any CPU.Build.0 = Debug|Any CPU
		{B056D3A0-2585-4319-9B32-24DE1FE6586A}.Release|Any CPU.ActiveCfg = Release|Any CPU
		{B056D3A0-2585-4319-9B32-24DE1FE6586A}.Release|Any CPU.Build.0 = Release|Any CPU
		{01891BD3-9CE6-4C41-B6CA-E9F012F2DA94}.Debug|Any CPU.ActiveCfg = Debug|Any CPU
		{01891BD3-9CE6-4C41-B6CA-E9F012F2DA94}.Debug|Any CPU.Build.0 = Debug|Any CPU
		{01891BD3-9CE6-4C41-B6CA-E9F012F2DA94}.Release|Any CPU.ActiveCfg = Release|Any CPU
		{01891BD3-9CE6-4C41-B6CA-E9F012F2DA94}.Release|Any CPU.Build.0 = Release|Any CPU
		{4A49F879-4647-4E36-9E3E-31312D06ABE6}.Debug|Any CPU.ActiveCfg = Debug|Any CPU
		{4A49F879-4647-4E36-9E3E-31312D06ABE6}.Debug|Any CPU.Build.0 = Debug|Any CPU
		{4A49F879-4647-4E36-9E3E-31312D06ABE6}.Release|Any CPU.ActiveCfg = Release|Any CPU
		{4A49F879-4647-4E36-9E3E-31312D06ABE6}.Release|Any CPU.Build.0 = Release|Any CPU
	EndGlobalSection
	GlobalSection(SolutionProperties) = preSolution
		HideSolutionNode = FALSE
	EndGlobalSection
	GlobalSection(ExtensibilityGlobals) = postSolution
		SolutionGuid = {621847F5-8545-4263-8D6E-ED672B5246F1}
	EndGlobalSection
EndGlobal
